
Microsoft Visual Studio Solution File, Format Version 12.00
# Visual Studio Version 16
VisualStudioVersion = 16.0.31702.278
MinimumVisualStudioVersion = 10.0.40219.1
Project("{FAE04EC0-301F-11D3-BF4B-00C04F79EFBC}") = "EntradaSaida", "EntradaSaida\EntradaSaida.csproj", "{FFE490D1-A2F9-4CAE-BFB2-B49C9F9BEFED}"
EndProject
Global
	GlobalSection(SolutionConfigurationPlatforms) = preSolution
		Debug|Any CPU = Debug|Any CPU
		Release|Any CPU = Release|Any CPU
	EndGlobalSection
	GlobalSection(ProjectConfigurationPlatforms) = postSolution
		{FFE490D1-A2F9-4CAE-BFB2-B49C9F9BEFED}.Debug|Any CPU.ActiveCfg = Debug|Any CPU
		{FFE490D1-A2F9-4CAE-BFB2-B49C9F9BEFED}.Debug|Any CPU.Build.0 = Debug|Any CPU
		{FFE490D1-A2F9-4CAE-BFB2-B49C9F9BEFED}.Release|Any CPU.ActiveCfg = Release|Any CPU
		{FFE490D1-A2F9-4CAE-BFB2-B49C9F9BEFED}.Release|Any CPU.Build.0 = Release|Any CPU
	EndGlobalSection
	GlobalSection(SolutionProperties) = preSolution
		HideSolutionNode = FALSE
	EndGlobalSection
	GlobalSection(ExtensibilityGlobals) = postSolution
		SolutionGuid = {A45799B7-0F4F-4E07-AE08-4A79C46221F9}
	EndGlobalSection
EndGlobal
