
Microsoft Visual Studio Solution File, Format Version 12.00
# Visual Studio Version 16
VisualStudioVersion = 16.0.31729.503
MinimumVisualStudioVersion = 10.0.40219.1
Project("{FAE04EC0-301F-11D3-BF4B-00C04F79EFBC}") = "Condicao", "Condicao\Condicao.csproj", "{453EE16B-2356-46A7-81E7-1FCC3E9B54D9}"
EndProject
Global
	GlobalSection(SolutionConfigurationPlatforms) = preSolution
		Debug|Any CPU = Debug|Any CPU
		Release|Any CPU = Release|Any CPU
	EndGlobalSection
	GlobalSection(ProjectConfigurationPlatforms) = postSolution
		{453EE16B-2356-46A7-81E7-1FCC3E9B54D9}.Debug|Any CPU.ActiveCfg = Debug|Any CPU
		{453EE16B-2356-46A7-81E7-1FCC3E9B54D9}.Debug|Any CPU.Build.0 = Debug|Any CPU
		{453EE16B-2356-46A7-81E7-1FCC3E9B54D9}.Release|Any CPU.ActiveCfg = Release|Any CPU
		{453EE16B-2356-46A7-81E7-1FCC3E9B54D9}.Release|Any CPU.Build.0 = Release|Any CPU
	EndGlobalSection
	GlobalSection(SolutionProperties) = preSolution
		HideSolutionNode = FALSE
	EndGlobalSection
	GlobalSection(ExtensibilityGlobals) = postSolution
		SolutionGuid = {5DAADE26-0D2A-465D-8701-EE7EA3F8F27E}
	EndGlobalSection
EndGlobal
